
Microsoft Visual Studio Solution File, Format Version 12.00
# Visual Studio 15
Project("{FAE04EC0-301F-11D3-BF4B-00C04F79EFBC}") = "ospedale", "ospedale\ospedale.csproj", "{7BEAC157-5465-4C1B-B1FE-FF1C79F9D568}"
EndProject
Global
	GlobalSection(SolutionConfigurationPlatforms) = preSolution
		Debug|anycpu = Debug|anycpu
		Release|anycpu = Release|anycpu
	EndGlobalSection
	GlobalSection(ProjectConfigurationPlatforms) = postSolution
		{7BEAC157-5465-4C1B-B1FE-FF1C79F9D568}.Debug|anycpu.ActiveCfg = Debug|anycpu
		{7BEAC157-5465-4C1B-B1FE-FF1C79F9D568}.Debug|anycpu.Build.0 = Debug|anycpu
		{7BEAC157-5465-4C1B-B1FE-FF1C79F9D568}.Release|anycpu.ActiveCfg = Release|anycpu
		{7BEAC157-5465-4C1B-B1FE-FF1C79F9D568}.Release|anycpu.Build.0 = Release|anycpu
	EndGlobalSection
EndGlobal
