Microsoft Visual Studio Solution File, Format Version 12.00
# Visual Studio Version 16
VisualStudioVersion = 16.0.30104.148
MinimumVisualStudioVersion = 10.0.40219.1
Project("{FAE04EC0-301F-11D3-BF4B-00C04F79EFBC}") = "ospedale", "ospedale\ospedale.csproj", "{48D8AC03-F73E-42DD-8FD0-06F567D834C8}"
EndProject
Global
	GlobalSection(SolutionConfigurationPlatforms) = preSolution
		Debug|anycpu = Debug|anycpu
		Release|anycpu = Release|anycpu
	EndGlobalSection
	GlobalSection(ProjectConfigurationPlatforms) = postSolution
		{48D8AC03-F73E-42DD-8FD0-06F567D834C8}.Debug|anycpu.ActiveCfg = Debug|Any CPU
		{48D8AC03-F73E-42DD-8FD0-06F567D834C8}.Debug|anycpu.Build.0 = Debug|Any CPU
		{48D8AC03-F73E-42DD-8FD0-06F567D834C8}.Release|anycpu.ActiveCfg = Release|Any CPU
		{48D8AC03-F73E-42DD-8FD0-06F567D834C8}.Release|anycpu.Build.0 = Release|Any CPU
	EndGlobalSection
	GlobalSection(SolutionProperties) = preSolution
		HideSolutionNode = FALSE
	EndGlobalSection
	GlobalSection(ExtensibilityGlobals) = postSolution
		SolutionGuid = {97C87E24-10E7-4C79-81E6-38979519982C}
	EndGlobalSection
EndGlobal
